<?xml version="1.0" encoding="UTF-8"?>
<!DOCTYPE plist PUBLIC "-//Apple//DTD PLIST 1.0//EN" "http://www.apple.com/DTDs/PropertyList-1.0.dtd">
<plist version="1.0">
<dict>
	<key>archiveVersion</key>
	<string>1</string>
	<key>classes</key>
	<dict/>
	<key>objectVersion</key>
	<string>46</string>
	<key>objects</key>
	<dict>
		<key>0F42630D14BC423CAF90DBF4</key>
		<dict>
			<key>includeInIndex</key>
			<string>1</string>
			<key>isa</key>
			<string>PBXFileReference</string>
			<key>lastKnownFileType</key>
			<string>text.xcconfig</string>
			<key>name</key>
			<string>Pods.xcconfig</string>
			<key>path</key>
			<string>Pods/Pods.xcconfig</string>
			<key>sourceTree</key>
			<string>SOURCE_ROOT</string>
		</dict>
		<key>141DB9DC16A72C620092EE32</key>
		<dict>
			<key>isa</key>
			<string>PBXFileReference</string>
			<key>lastKnownFileType</key>
			<string>image.icns</string>
			<key>name</key>
			<string>icon.icns</string>
			<key>path</key>
			<string>../icon.icns</string>
			<key>sourceTree</key>
			<string>&lt;group&gt;</string>
		</dict>
		<key>141DB9DD16A72C620092EE32</key>
		<dict>
			<key>fileRef</key>
			<string>141DB9DC16A72C620092EE32</string>
			<key>isa</key>
			<string>PBXBuildFile</string>
		</dict>
		<key>14297AA51756614000797DC3</key>
		<dict>
			<key>fileRef</key>
			<string>1471F36E16A9687000203242</string>
			<key>isa</key>
			<string>PBXBuildFile</string>
		</dict>
		<key>1462F52E16A300BE00EE9734</key>
		<dict>
			<key>fileEncoding</key>
			<string>4</string>
			<key>isa</key>
			<string>PBXFileReference</string>
			<key>lastKnownFileType</key>
			<string>sourcecode.c.h</string>
			<key>path</key>
			<string>LHBModel.h</string>
			<key>sourceTree</key>
			<string>&lt;group&gt;</string>
		</dict>
		<key>1462F52F16A300BE00EE9734</key>
		<dict>
			<key>fileEncoding</key>
			<string>4</string>
			<key>isa</key>
			<string>PBXFileReference</string>
			<key>lastKnownFileType</key>
			<string>sourcecode.c.objc</string>
			<key>path</key>
			<string>LHBModel.m</string>
			<key>sourceTree</key>
			<string>&lt;group&gt;</string>
		</dict>
		<key>1462F53016A300BE00EE9734</key>
		<dict>
			<key>fileRef</key>
			<string>1462F52F16A300BE00EE9734</string>
			<key>isa</key>
			<string>PBXBuildFile</string>
		</dict>
		<key>1462F53216A30E7700EE9734</key>
		<dict>
			<key>fileEncoding</key>
			<string>4</string>
			<key>isa</key>
			<string>PBXFileReference</string>
			<key>lastKnownFileType</key>
			<string>sourcecode.c.h</string>
			<key>path</key>
			<string>LHBXPCApplicationProxy.h</string>
			<key>sourceTree</key>
			<string>&lt;group&gt;</string>
		</dict>
		<key>1462F53316A30E7700EE9734</key>
		<dict>
			<key>fileEncoding</key>
			<string>4</string>
			<key>isa</key>
			<string>PBXFileReference</string>
			<key>lastKnownFileType</key>
			<string>sourcecode.c.objc</string>
			<key>path</key>
			<string>LHBXPCApplicationProxy.m</string>
			<key>sourceTree</key>
			<string>&lt;group&gt;</string>
		</dict>
		<key>1462F53416A30E7700EE9734</key>
		<dict>
			<key>fileRef</key>
			<string>1462F53316A30E7700EE9734</string>
			<key>isa</key>
			<string>PBXBuildFile</string>
		</dict>
		<key>1471F36116A9656800203242</key>
		<dict>
			<key>isa</key>
			<string>PBXFileReference</string>
			<key>lastKnownFileType</key>
			<string>text.xml</string>
			<key>path</key>
			<string>Brewery.entitlements</string>
			<key>sourceTree</key>
			<string>SOURCE_ROOT</string>
		</dict>
		<key>1471F36316A967DE00203242</key>
		<dict>
			<key>fileEncoding</key>
			<string>4</string>
			<key>isa</key>
			<string>PBXFileReference</string>
			<key>lastKnownFileType</key>
			<string>sourcecode.c.objc</string>
			<key>name</key>
			<string>LHBModelTest.m</string>
			<key>path</key>
			<string>../LHBModelTest.m</string>
			<key>sourceTree</key>
			<string>&lt;group&gt;</string>
		</dict>
		<key>1471F36E16A9687000203242</key>
		<dict>
			<key>isa</key>
			<string>PBXFileReference</string>
			<key>lastKnownFileType</key>
			<string>wrapper.framework</string>
			<key>name</key>
			<string>SenTestingKit.framework</string>
			<key>path</key>
			<string>Library/Frameworks/SenTestingKit.framework</string>
			<key>sourceTree</key>
			<string>DEVELOPER_DIR</string>
		</dict>
		<key>1471F37116A9687000203242</key>
		<dict>
			<key>children</key>
			<array>
				<string>1471F36316A967DE00203242</string>
				<string>1471F37216A9687000203242</string>
			</array>
			<key>isa</key>
			<string>PBXGroup</string>
			<key>path</key>
			<string>BreweryTest</string>
			<key>sourceTree</key>
			<string>&lt;group&gt;</string>
		</dict>
		<key>1471F37216A9687000203242</key>
		<dict>
			<key>children</key>
			<array>
				<string>1471F37316A9687000203242</string>
				<string>1471F37416A9687000203242</string>
				<string>1471F37A16A9687000203242</string>
			</array>
			<key>isa</key>
			<string>PBXGroup</string>
			<key>name</key>
			<string>Supporting Files</string>
			<key>sourceTree</key>
			<string>&lt;group&gt;</string>
		</dict>
		<key>1471F37316A9687000203242</key>
		<dict>
			<key>isa</key>
			<string>PBXFileReference</string>
			<key>lastKnownFileType</key>
			<string>text.plist.xml</string>
			<key>path</key>
			<string>BreweryTest-Info.plist</string>
			<key>sourceTree</key>
			<string>&lt;group&gt;</string>
		</dict>
		<key>1471F37416A9687000203242</key>
		<dict>
			<key>children</key>
			<array>
				<string>1471F37516A9687000203242</string>
			</array>
			<key>isa</key>
			<string>PBXVariantGroup</string>
			<key>name</key>
			<string>InfoPlist.strings</string>
			<key>sourceTree</key>
			<string>&lt;group&gt;</string>
		</dict>
		<key>1471F37516A9687000203242</key>
		<dict>
			<key>isa</key>
			<string>PBXFileReference</string>
			<key>lastKnownFileType</key>
			<string>text.plist.strings</string>
			<key>name</key>
			<string>en</string>
			<key>path</key>
			<string>en.lproj/InfoPlist.strings</string>
			<key>sourceTree</key>
			<string>&lt;group&gt;</string>
		</dict>
		<key>1471F37A16A9687000203242</key>
		<dict>
			<key>isa</key>
			<string>PBXFileReference</string>
			<key>lastKnownFileType</key>
			<string>sourcecode.c.h</string>
			<key>path</key>
			<string>BreweryTest-Prefix.pch</string>
			<key>sourceTree</key>
			<string>&lt;group&gt;</string>
		</dict>
		<key>1476427D17565ED20027DDB1</key>
		<dict>
			<key>buildActionMask</key>
			<string>2147483647</string>
			<key>files</key>
			<array>
				<string>14764292175660EB0027DDB1</string>
			</array>
			<key>isa</key>
			<string>PBXSourcesBuildPhase</string>
			<key>runOnlyForDeploymentPostprocessing</key>
			<string>0</string>
		</dict>
		<key>1476427E17565ED20027DDB1</key>
		<dict>
			<key>buildActionMask</key>
			<string>2147483647</string>
			<key>files</key>
			<array>
				<string>14297AA51756614000797DC3</string>
				<string>1476428417565ED20027DDB1</string>
				<string>DDD3FB18A2E74E4482E91C56</string>
			</array>
			<key>isa</key>
			<string>PBXFrameworksBuildPhase</string>
			<key>runOnlyForDeploymentPostprocessing</key>
			<string>0</string>
		</dict>
		<key>1476427F17565ED20027DDB1</key>
		<dict>
			<key>buildActionMask</key>
			<string>2147483647</string>
			<key>files</key>
			<array/>
			<key>isa</key>
			<string>PBXResourcesBuildPhase</string>
			<key>runOnlyForDeploymentPostprocessing</key>
			<string>0</string>
		</dict>
		<key>1476428017565ED20027DDB1</key>
		<dict>
			<key>buildActionMask</key>
			<string>2147483647</string>
			<key>files</key>
			<array/>
			<key>inputPaths</key>
			<array/>
			<key>isa</key>
			<string>PBXShellScriptBuildPhase</string>
			<key>outputPaths</key>
			<array/>
			<key>runOnlyForDeploymentPostprocessing</key>
			<string>0</string>
			<key>shellPath</key>
			<string>/bin/sh</string>
			<key>shellScript</key>
			<string># Run the unit tests in this test bundle.
"${SYSTEM_DEVELOPER_DIR}/Tools/RunUnitTests"
</string>
		</dict>
		<key>1476428117565ED20027DDB1</key>
		<dict>
			<key>buildConfigurationList</key>
			<string>1476428F17565ED20027DDB1</string>
			<key>buildPhases</key>
			<array>
				<string>AD611171C4D246879E09852C</string>
				<string>1476427D17565ED20027DDB1</string>
				<string>1476427E17565ED20027DDB1</string>
				<string>1476427F17565ED20027DDB1</string>
				<string>1476428017565ED20027DDB1</string>
				<string>2E5B573A9AA54166B4226532</string>
			</array>
			<key>buildRules</key>
			<array/>
			<key>dependencies</key>
			<array/>
			<key>isa</key>
			<string>PBXNativeTarget</string>
			<key>name</key>
			<string>BreweryTest</string>
			<key>productName</key>
			<string>BreweryTest</string>
			<key>productReference</key>
			<string>1476428217565ED20027DDB1</string>
			<key>productType</key>
			<string>com.apple.product-type.bundle</string>
		</dict>
		<key>1476428217565ED20027DDB1</key>
		<dict>
			<key>explicitFileType</key>
			<string>wrapper.cfbundle</string>
			<key>includeInIndex</key>
			<string>0</string>
			<key>isa</key>
			<string>PBXFileReference</string>
			<key>path</key>
			<string>BreweryTest.octest</string>
			<key>sourceTree</key>
			<string>BUILT_PRODUCTS_DIR</string>
		</dict>
		<key>1476428417565ED20027DDB1</key>
		<dict>
			<key>fileRef</key>
			<string>1FE4FE58148E4CDD008EDE8B</string>
			<key>isa</key>
			<string>PBXBuildFile</string>
		</dict>
		<key>1476428F17565ED20027DDB1</key>
		<dict>
			<key>buildConfigurations</key>
			<array>
				<string>1476429017565ED20027DDB1</string>
				<string>1476429117565ED20027DDB1</string>
			</array>
			<key>defaultConfigurationIsVisible</key>
			<string>0</string>
			<key>defaultConfigurationName</key>
			<string>Release</string>
			<key>isa</key>
			<string>XCConfigurationList</string>
		</dict>
		<key>1476429017565ED20027DDB1</key>
		<dict>
			<key>baseConfigurationReference</key>
			<string>E5280F0AA0174ADD84D05A64</string>
			<key>buildSettings</key>
			<dict>
				<key>BUNDLE_LOADER</key>
				<string>$(BUILT_PRODUCTS_DIR)/Brewery.app/Contents/MacOS/Brewery</string>
				<key>CLANG_CXX_LANGUAGE_STANDARD</key>
				<string>gnu++0x</string>
				<key>CLANG_CXX_LIBRARY</key>
				<string>libc++</string>
				<key>CLANG_ENABLE_OBJC_ARC</key>
				<string>YES</string>
				<key>CLANG_WARN_EMPTY_BODY</key>
				<string>YES</string>
				<key>CODE_SIGN_IDENTITY</key>
				<string></string>
				<key>COMBINE_HIDPI_IMAGES</key>
				<string>YES</string>
				<key>FRAMEWORK_SEARCH_PATHS</key>
				<array>
					<string>$(inherited)</string>
					<string>"$(SYSTEM_APPS_DIR)/Xcode.app/Contents/Developer/Library/Frameworks"</string>
				</array>
				<key>GCC_PRECOMPILE_PREFIX_HEADER</key>
				<string>YES</string>
				<key>GCC_PREFIX_HEADER</key>
				<string>BreweryTest/BreweryTest-Prefix.pch</string>
				<key>INFOPLIST_FILE</key>
				<string>BreweryTest/BreweryTest-Info.plist</string>
				<key>MACOSX_DEPLOYMENT_TARGET</key>
				<string>10.8</string>
				<key>PRODUCT_NAME</key>
				<string>$(TARGET_NAME)</string>
				<key>TEST_HOST</key>
				<string>$(BUNDLE_LOADER)</string>
				<key>USER_HEADER_SEARCH_PATHS</key>
				<string></string>
				<key>WRAPPER_EXTENSION</key>
				<string>octest</string>
			</dict>
			<key>isa</key>
			<string>XCBuildConfiguration</string>
			<key>name</key>
			<string>Debug</string>
		</dict>
		<key>1476429117565ED20027DDB1</key>
		<dict>
			<key>buildSettings</key>
			<dict>
				<key>BUNDLE_LOADER</key>
				<string>$(BUILT_PRODUCTS_DIR)/Brewery.app/Contents/MacOS/Brewery</string>
				<key>CLANG_CXX_LANGUAGE_STANDARD</key>
				<string>gnu++0x</string>
				<key>CLANG_CXX_LIBRARY</key>
				<string>libc++</string>
				<key>CLANG_ENABLE_OBJC_ARC</key>
				<string>YES</string>
				<key>CLANG_WARN_EMPTY_BODY</key>
				<string>YES</string>
				<key>CODE_SIGN_IDENTITY</key>
				<string></string>
				<key>COMBINE_HIDPI_IMAGES</key>
				<string>YES</string>
				<key>FRAMEWORK_SEARCH_PATHS</key>
				<array>
					<string>$(inherited)</string>
					<string>"$(SYSTEM_APPS_DIR)/Xcode.app/Contents/Developer/Library/Frameworks"</string>
				</array>
				<key>GCC_PRECOMPILE_PREFIX_HEADER</key>
				<string>YES</string>
				<key>GCC_PREFIX_HEADER</key>
				<string>BreweryTest/BreweryTest-Prefix.pch</string>
				<key>INFOPLIST_FILE</key>
				<string>BreweryTest/BreweryTest-Info.plist</string>
				<key>MACOSX_DEPLOYMENT_TARGET</key>
				<string>10.8</string>
				<key>PRODUCT_NAME</key>
				<string>$(TARGET_NAME)</string>
				<key>TEST_HOST</key>
				<string>$(BUNDLE_LOADER)</string>
				<key>USER_HEADER_SEARCH_PATHS</key>
				<string></string>
				<key>WRAPPER_EXTENSION</key>
				<string>octest</string>
			</dict>
			<key>isa</key>
			<string>XCBuildConfiguration</string>
			<key>name</key>
			<string>Release</string>
		</dict>
		<key>14764292175660EB0027DDB1</key>
		<dict>
			<key>fileRef</key>
			<string>1471F36316A967DE00203242</string>
			<key>isa</key>
			<string>PBXBuildFile</string>
		</dict>
		<key>14A1721516A728DD006AF4A1</key>
		<dict>
			<key>isa</key>
			<string>PBXFileReference</string>
			<key>lastKnownFileType</key>
			<string>image.png</string>
			<key>name</key>
			<string>Brewery Icon.png</string>
			<key>path</key>
			<string>../Brewery Icon.png</string>
			<key>sourceTree</key>
			<string>&lt;group&gt;</string>
		</dict>
		<key>14A1721616A728DD006AF4A1</key>
		<dict>
			<key>fileRef</key>
			<string>14A1721516A728DD006AF4A1</string>
			<key>isa</key>
			<string>PBXBuildFile</string>
		</dict>
		<key>14B6EA6916A18FF80050EFC2</key>
		<dict>
			<key>buildActionMask</key>
			<string>2147483647</string>
			<key>files</key>
			<array>
				<string>14B6EA7816A18FF80050EFC2</string>
				<string>14B6EA8316A1B0C40050EFC2</string>
				<string>14B6EA8616A1B5A50050EFC2</string>
			</array>
			<key>isa</key>
			<string>PBXSourcesBuildPhase</string>
			<key>runOnlyForDeploymentPostprocessing</key>
			<string>0</string>
		</dict>
		<key>14B6EA6A16A18FF80050EFC2</key>
		<dict>
			<key>buildActionMask</key>
			<string>2147483647</string>
			<key>files</key>
			<array>
				<string>14B6EA9B16A205D70050EFC2</string>
				<string>14B6EA6F16A18FF80050EFC2</string>
			</array>
			<key>isa</key>
			<string>PBXFrameworksBuildPhase</string>
			<key>runOnlyForDeploymentPostprocessing</key>
			<string>0</string>
		</dict>
		<key>14B6EA6B16A18FF80050EFC2</key>
		<dict>
			<key>buildActionMask</key>
			<string>2147483647</string>
			<key>files</key>
			<array>
				<string>14B6EA7516A18FF80050EFC2</string>
			</array>
			<key>isa</key>
			<string>PBXResourcesBuildPhase</string>
			<key>runOnlyForDeploymentPostprocessing</key>
			<string>0</string>
		</dict>
		<key>14B6EA6C16A18FF80050EFC2</key>
		<dict>
			<key>buildConfigurationList</key>
			<string>14B6EA7916A18FF80050EFC2</string>
			<key>buildPhases</key>
			<array>
				<string>14B6EA6916A18FF80050EFC2</string>
				<string>14B6EA6A16A18FF80050EFC2</string>
				<string>14B6EA6B16A18FF80050EFC2</string>
			</array>
			<key>buildRules</key>
			<array/>
			<key>dependencies</key>
			<array/>
			<key>isa</key>
			<string>PBXNativeTarget</string>
			<key>name</key>
			<string>HomebrewXPC</string>
			<key>productName</key>
			<string>HomebrewXPC</string>
			<key>productReference</key>
			<string>14B6EA6D16A18FF80050EFC2</string>
			<key>productType</key>
			<string>com.apple.product-type.bundle</string>
		</dict>
		<key>14B6EA6D16A18FF80050EFC2</key>
		<dict>
			<key>explicitFileType</key>
			<string>wrapper.cfbundle</string>
			<key>includeInIndex</key>
			<string>0</string>
			<key>isa</key>
			<string>PBXFileReference</string>
			<key>path</key>
			<string>LLC.HomebrewXPC.xpc</string>
			<key>sourceTree</key>
			<string>BUILT_PRODUCTS_DIR</string>
		</dict>
		<key>14B6EA6E16A18FF80050EFC2</key>
		<dict>
			<key>isa</key>
			<string>PBXFileReference</string>
			<key>lastKnownFileType</key>
			<string>wrapper.framework</string>
			<key>name</key>
			<string>Foundation.framework</string>
			<key>path</key>
			<string>System/Library/Frameworks/Foundation.framework</string>
			<key>sourceTree</key>
			<string>SDKROOT</string>
		</dict>
		<key>14B6EA6F16A18FF80050EFC2</key>
		<dict>
			<key>fileRef</key>
			<string>14B6EA6E16A18FF80050EFC2</string>
			<key>isa</key>
			<string>PBXBuildFile</string>
		</dict>
		<key>14B6EA7016A18FF80050EFC2</key>
		<dict>
			<key>children</key>
			<array>
				<string>14B6EA7716A18FF80050EFC2</string>
				<string>14B6EA8116A1B0C40050EFC2</string>
				<string>14B6EA8216A1B0C40050EFC2</string>
				<string>14B6EA8416A1B5A40050EFC2</string>
				<string>14B6EA8516A1B5A40050EFC2</string>
				<string>14B6EA7116A18FF80050EFC2</string>
			</array>
			<key>isa</key>
			<string>PBXGroup</string>
			<key>path</key>
			<string>HomebrewXPC</string>
			<key>sourceTree</key>
			<string>&lt;group&gt;</string>
		</dict>
		<key>14B6EA7116A18FF80050EFC2</key>
		<dict>
			<key>children</key>
			<array>
				<string>141DB9DC16A72C620092EE32</string>
				<string>14A1721516A728DD006AF4A1</string>
				<string>14B6EA7216A18FF80050EFC2</string>
				<string>14B6EA7316A18FF80050EFC2</string>
				<string>14B6EA7616A18FF80050EFC2</string>
			</array>
			<key>isa</key>
			<string>PBXGroup</string>
			<key>name</key>
			<string>Supporting Files</string>
			<key>sourceTree</key>
			<string>&lt;group&gt;</string>
		</dict>
		<key>14B6EA7216A18FF80050EFC2</key>
		<dict>
			<key>isa</key>
			<string>PBXFileReference</string>
			<key>lastKnownFileType</key>
			<string>text.plist.xml</string>
			<key>path</key>
			<string>HomebrewXPC-Info.plist</string>
			<key>sourceTree</key>
			<string>&lt;group&gt;</string>
		</dict>
		<key>14B6EA7316A18FF80050EFC2</key>
		<dict>
			<key>children</key>
			<array>
				<string>14B6EA7416A18FF80050EFC2</string>
			</array>
			<key>isa</key>
			<string>PBXVariantGroup</string>
			<key>name</key>
			<string>InfoPlist.strings</string>
			<key>sourceTree</key>
			<string>&lt;group&gt;</string>
		</dict>
		<key>14B6EA7416A18FF80050EFC2</key>
		<dict>
			<key>isa</key>
			<string>PBXFileReference</string>
			<key>lastKnownFileType</key>
			<string>text.plist.strings</string>
			<key>name</key>
			<string>en</string>
			<key>path</key>
			<string>en.lproj/InfoPlist.strings</string>
			<key>sourceTree</key>
			<string>&lt;group&gt;</string>
		</dict>
		<key>14B6EA7516A18FF80050EFC2</key>
		<dict>
			<key>fileRef</key>
			<string>14B6EA7316A18FF80050EFC2</string>
			<key>isa</key>
			<string>PBXBuildFile</string>
		</dict>
		<key>14B6EA7616A18FF80050EFC2</key>
		<dict>
			<key>isa</key>
			<string>PBXFileReference</string>
			<key>lastKnownFileType</key>
			<string>sourcecode.c.h</string>
			<key>path</key>
			<string>HomebrewXPC-Prefix.pch</string>
			<key>sourceTree</key>
			<string>&lt;group&gt;</string>
		</dict>
		<key>14B6EA7716A18FF80050EFC2</key>
		<dict>
			<key>isa</key>
			<string>PBXFileReference</string>
			<key>lastKnownFileType</key>
			<string>sourcecode.c.objc</string>
			<key>path</key>
			<string>main.m</string>
			<key>sourceTree</key>
			<string>&lt;group&gt;</string>
		</dict>
		<key>14B6EA7816A18FF80050EFC2</key>
		<dict>
			<key>fileRef</key>
			<string>14B6EA7716A18FF80050EFC2</string>
			<key>isa</key>
			<string>PBXBuildFile</string>
		</dict>
		<key>14B6EA7916A18FF80050EFC2</key>
		<dict>
			<key>buildConfigurations</key>
			<array>
				<string>14B6EA7A16A18FF80050EFC2</string>
				<string>14B6EA7B16A18FF80050EFC2</string>
			</array>
			<key>defaultConfigurationIsVisible</key>
			<string>0</string>
			<key>defaultConfigurationName</key>
			<string>Release</string>
			<key>isa</key>
			<string>XCConfigurationList</string>
		</dict>
		<key>14B6EA7A16A18FF80050EFC2</key>
		<dict>
			<key>buildSettings</key>
			<dict>
				<key>CLANG_CXX_LANGUAGE_STANDARD</key>
				<string>gnu++0x</string>
				<key>CLANG_CXX_LIBRARY</key>
				<string>libc++</string>
				<key>CLANG_ENABLE_OBJC_ARC</key>
				<string>YES</string>
				<key>CLANG_WARN_EMPTY_BODY</key>
				<string>YES</string>
				<key>CLANG_WARN__DUPLICATE_METHOD_MATCH</key>
				<string>YES</string>
				<key>CODE_SIGN_IDENTITY</key>
				<string></string>
				<key>COMBINE_HIDPI_IMAGES</key>
				<string>YES</string>
				<key>GCC_PRECOMPILE_PREFIX_HEADER</key>
				<string>YES</string>
				<key>GCC_PREFIX_HEADER</key>
				<string>HomebrewXPC/HomebrewXPC-Prefix.pch</string>
				<key>GCC_WARN_UNINITIALIZED_AUTOS</key>
				<string>YES</string>
				<key>INFOPLIST_FILE</key>
				<string>HomebrewXPC/HomebrewXPC-Info.plist</string>
				<key>MACH_O_TYPE</key>
				<string>mh_execute</string>
				<key>MACOSX_DEPLOYMENT_TARGET</key>
				<string>10.8</string>
				<key>PRODUCT_NAME</key>
				<string>LLC.$(TARGET_NAME:rfc1034identifier)</string>
				<key>WRAPPER_EXTENSION</key>
				<string>xpc</string>
			</dict>
			<key>isa</key>
			<string>XCBuildConfiguration</string>
			<key>name</key>
			<string>Debug</string>
		</dict>
		<key>14B6EA7B16A18FF80050EFC2</key>
		<dict>
			<key>buildSettings</key>
			<dict>
				<key>CLANG_CXX_LANGUAGE_STANDARD</key>
				<string>gnu++0x</string>
				<key>CLANG_CXX_LIBRARY</key>
				<string>libc++</string>
				<key>CLANG_ENABLE_OBJC_ARC</key>
				<string>YES</string>
				<key>CLANG_WARN_EMPTY_BODY</key>
				<string>YES</string>
				<key>CLANG_WARN__DUPLICATE_METHOD_MATCH</key>
				<string>YES</string>
				<key>CODE_SIGN_IDENTITY</key>
				<string></string>
				<key>COMBINE_HIDPI_IMAGES</key>
				<string>YES</string>
				<key>GCC_PRECOMPILE_PREFIX_HEADER</key>
				<string>YES</string>
				<key>GCC_PREFIX_HEADER</key>
				<string>HomebrewXPC/HomebrewXPC-Prefix.pch</string>
				<key>GCC_WARN_UNINITIALIZED_AUTOS</key>
				<string>YES</string>
				<key>INFOPLIST_FILE</key>
				<string>HomebrewXPC/HomebrewXPC-Info.plist</string>
				<key>MACH_O_TYPE</key>
				<string>mh_execute</string>
				<key>MACOSX_DEPLOYMENT_TARGET</key>
				<string>10.8</string>
				<key>PRODUCT_NAME</key>
				<string>LLC.$(TARGET_NAME:rfc1034identifier)</string>
				<key>WRAPPER_EXTENSION</key>
				<string>xpc</string>
			</dict>
			<key>isa</key>
			<string>XCBuildConfiguration</string>
			<key>name</key>
			<string>Release</string>
		</dict>
		<key>14B6EA7C16A190180050EFC2</key>
		<dict>
			<key>buildActionMask</key>
			<string>2147483647</string>
			<key>dstPath</key>
			<string>Contents/XPCServices</string>
			<key>dstSubfolderSpec</key>
			<string>1</string>
			<key>files</key>
			<array>
				<string>14B6EA7D16A190410050EFC2</string>
			</array>
			<key>isa</key>
			<string>PBXCopyFilesBuildPhase</string>
			<key>runOnlyForDeploymentPostprocessing</key>
			<string>0</string>
		</dict>
		<key>14B6EA7D16A190410050EFC2</key>
		<dict>
			<key>fileRef</key>
			<string>14B6EA6D16A18FF80050EFC2</string>
			<key>isa</key>
			<string>PBXBuildFile</string>
		</dict>
		<key>14B6EA7E16A1905C0050EFC2</key>
		<dict>
			<key>containerPortal</key>
			<string>1FE4FE4B148E4CDD008EDE8B</string>
			<key>isa</key>
			<string>PBXContainerItemProxy</string>
			<key>proxyType</key>
			<string>1</string>
			<key>remoteGlobalIDString</key>
			<string>14B6EA6C16A18FF80050EFC2</string>
			<key>remoteInfo</key>
			<string>HomebrewXPC</string>
		</dict>
		<key>14B6EA7F16A1905C0050EFC2</key>
		<dict>
			<key>isa</key>
			<string>PBXTargetDependency</string>
			<key>target</key>
			<string>14B6EA6C16A18FF80050EFC2</string>
			<key>targetProxy</key>
			<string>14B6EA7E16A1905C0050EFC2</string>
		</dict>
		<key>14B6EA8116A1B0C40050EFC2</key>
		<dict>
			<key>fileEncoding</key>
			<string>4</string>
			<key>isa</key>
			<string>PBXFileReference</string>
			<key>lastKnownFileType</key>
			<string>sourcecode.c.h</string>
			<key>path</key>
			<string>LLCXPCListenerDelegate.h</string>
			<key>sourceTree</key>
			<string>&lt;group&gt;</string>
		</dict>
		<key>14B6EA8216A1B0C40050EFC2</key>
		<dict>
			<key>fileEncoding</key>
			<string>4</string>
			<key>isa</key>
			<string>PBXFileReference</string>
			<key>lastKnownFileType</key>
			<string>sourcecode.c.objc</string>
			<key>path</key>
			<string>LLCXPCListenerDelegate.m</string>
			<key>sourceTree</key>
			<string>&lt;group&gt;</string>
		</dict>
		<key>14B6EA8316A1B0C40050EFC2</key>
		<dict>
			<key>fileRef</key>
			<string>14B6EA8216A1B0C40050EFC2</string>
			<key>isa</key>
			<string>PBXBuildFile</string>
		</dict>
		<key>14B6EA8416A1B5A40050EFC2</key>
		<dict>
			<key>fileEncoding</key>
			<string>4</string>
			<key>isa</key>
			<string>PBXFileReference</string>
			<key>lastKnownFileType</key>
			<string>sourcecode.c.h</string>
			<key>path</key>
			<string>LLCXPCHomebrewProxy.h</string>
			<key>sourceTree</key>
			<string>&lt;group&gt;</string>
		</dict>
		<key>14B6EA8516A1B5A40050EFC2</key>
		<dict>
			<key>fileEncoding</key>
			<string>4</string>
			<key>isa</key>
			<string>PBXFileReference</string>
			<key>lastKnownFileType</key>
			<string>sourcecode.c.objc</string>
			<key>path</key>
			<string>LLCXPCHomebrewProxy.m</string>
			<key>sourceTree</key>
			<string>&lt;group&gt;</string>
		</dict>
		<key>14B6EA8616A1B5A50050EFC2</key>
		<dict>
			<key>fileRef</key>
			<string>14B6EA8516A1B5A40050EFC2</string>
			<key>isa</key>
			<string>PBXBuildFile</string>
		</dict>
		<key>14B6EA9A16A205D70050EFC2</key>
		<dict>
			<key>isa</key>
			<string>PBXFileReference</string>
			<key>lastKnownFileType</key>
			<string>wrapper.framework</string>
			<key>name</key>
			<string>CFNetwork.framework</string>
			<key>path</key>
			<string>System/Library/Frameworks/CFNetwork.framework</string>
			<key>sourceTree</key>
			<string>SDKROOT</string>
		</dict>
		<key>14B6EA9B16A205D70050EFC2</key>
		<dict>
			<key>fileRef</key>
			<string>14B6EA9A16A205D70050EFC2</string>
			<key>isa</key>
			<string>PBXBuildFile</string>
		</dict>
		<key>16E84072F6544D5AA02965D3</key>
		<dict>
			<key>explicitFileType</key>
			<string>archive.ar</string>
			<key>includeInIndex</key>
			<string>0</string>
			<key>isa</key>
			<string>PBXFileReference</string>
			<key>path</key>
			<string>libPods-BreweryTest.a</string>
			<key>sourceTree</key>
			<string>BUILT_PRODUCTS_DIR</string>
		</dict>
		<key>1FE4FE49148E4CDD008EDE8B</key>
		<dict>
			<key>children</key>
			<array>
				<string>1FE4FE5E148E4CDD008EDE8B</string>
				<string>14B6EA7016A18FF80050EFC2</string>
				<string>1471F37116A9687000203242</string>
				<string>1FE4FE57148E4CDD008EDE8B</string>
				<string>1FE4FE55148E4CDD008EDE8B</string>
				<string>E5280F0AA0174ADD84D05A64</string>
				<string>0F42630D14BC423CAF90DBF4</string>
			</array>
			<key>isa</key>
			<string>PBXGroup</string>
			<key>sourceTree</key>
			<string>&lt;group&gt;</string>
		</dict>
		<key>1FE4FE4B148E4CDD008EDE8B</key>
		<dict>
			<key>attributes</key>
			<dict>
				<key>CLASSPREFIX</key>
				<string>LHB</string>
				<key>LastUpgradeCheck</key>
				<string>0460</string>
				<key>ORGANIZATIONNAME</key>
				<string>Labastille Laser Corp</string>
			</dict>
			<key>buildConfigurationList</key>
			<string>1FE4FE4E148E4CDD008EDE8B</string>
			<key>compatibilityVersion</key>
			<string>Xcode 3.2</string>
			<key>developmentRegion</key>
			<string>English</string>
			<key>hasScannedForEncodings</key>
			<string>0</string>
			<key>isa</key>
			<string>PBXProject</string>
			<key>knownRegions</key>
			<array>
				<string>en</string>
			</array>
			<key>mainGroup</key>
			<string>1FE4FE49148E4CDD008EDE8B</string>
			<key>productRefGroup</key>
			<string>1FE4FE55148E4CDD008EDE8B</string>
			<key>projectDirPath</key>
			<string></string>
			<key>projectReferences</key>
			<array/>
			<key>projectRoot</key>
			<string></string>
			<key>targets</key>
			<array>
				<string>1FE4FE53148E4CDD008EDE8B</string>
				<string>14B6EA6C16A18FF80050EFC2</string>
				<string>1476428117565ED20027DDB1</string>
			</array>
		</dict>
		<key>1FE4FE4E148E4CDD008EDE8B</key>
		<dict>
			<key>buildConfigurations</key>
			<array>
				<string>1FE4FE70148E4CDD008EDE8B</string>
				<string>1FE4FE71148E4CDD008EDE8B</string>
			</array>
			<key>defaultConfigurationIsVisible</key>
			<string>0</string>
			<key>defaultConfigurationName</key>
			<string>Release</string>
			<key>isa</key>
			<string>XCConfigurationList</string>
		</dict>
		<key>1FE4FE50148E4CDD008EDE8B</key>
		<dict>
			<key>buildActionMask</key>
			<string>2147483647</string>
			<key>files</key>
			<array>
				<string>1FE4FE65148E4CDD008EDE8B</string>
				<string>1FE4FE6C148E4CDD008EDE8B</string>
				<string>1FE4FE7A148E5FEB008EDE8B</string>
				<string>1FE4FECA1490B067008EDE8B</string>
				<string>1462F53016A300BE00EE9734</string>
				<string>1462F53416A30E7700EE9734</string>
			</array>
			<key>isa</key>
			<string>PBXSourcesBuildPhase</string>
			<key>runOnlyForDeploymentPostprocessing</key>
			<string>0</string>
		</dict>
		<key>1FE4FE51148E4CDD008EDE8B</key>
		<dict>
			<key>buildActionMask</key>
			<string>2147483647</string>
			<key>files</key>
			<array>
				<string>1FE4FE59148E4CDD008EDE8B</string>
				<string>5B9B2D379A1E400B85131F25</string>
			</array>
			<key>isa</key>
			<string>PBXFrameworksBuildPhase</string>
			<key>runOnlyForDeploymentPostprocessing</key>
			<string>0</string>
		</dict>
		<key>1FE4FE52148E4CDD008EDE8B</key>
		<dict>
			<key>buildActionMask</key>
			<string>2147483647</string>
			<key>files</key>
			<array>
				<string>1FE4FE63148E4CDD008EDE8B</string>
				<string>1FE4FE69148E4CDD008EDE8B</string>
				<string>1FE4FE6F148E4CDD008EDE8B</string>
				<string>14A1721616A728DD006AF4A1</string>
				<string>141DB9DD16A72C620092EE32</string>
			</array>
			<key>isa</key>
			<string>PBXResourcesBuildPhase</string>
			<key>runOnlyForDeploymentPostprocessing</key>
			<string>0</string>
		</dict>
		<key>1FE4FE53148E4CDD008EDE8B</key>
		<dict>
			<key>buildConfigurationList</key>
			<string>1FE4FE72148E4CDD008EDE8B</string>
			<key>buildPhases</key>
			<array>
				<string>501341653A1D49D192D3773D</string>
				<string>1FE4FE50148E4CDD008EDE8B</string>
				<string>1FE4FE51148E4CDD008EDE8B</string>
				<string>1FE4FE52148E4CDD008EDE8B</string>
				<string>14B6EA7C16A190180050EFC2</string>
				<string>42182286D65047248860D5CC</string>
			</array>
			<key>buildRules</key>
			<array/>
			<key>dependencies</key>
			<array>
				<string>14B6EA7F16A1905C0050EFC2</string>
			</array>
			<key>isa</key>
			<string>PBXNativeTarget</string>
			<key>name</key>
			<string>Brewery</string>
			<key>productName</key>
			<string>HomebrewGUI</string>
			<key>productReference</key>
			<string>1FE4FE54148E4CDD008EDE8B</string>
			<key>productType</key>
			<string>com.apple.product-type.application</string>
		</dict>
		<key>1FE4FE54148E4CDD008EDE8B</key>
		<dict>
			<key>explicitFileType</key>
			<string>wrapper.application</string>
			<key>includeInIndex</key>
			<string>0</string>
			<key>isa</key>
			<string>PBXFileReference</string>
			<key>path</key>
			<string>Brewery.app</string>
			<key>sourceTree</key>
			<string>BUILT_PRODUCTS_DIR</string>
		</dict>
		<key>1FE4FE55148E4CDD008EDE8B</key>
		<dict>
			<key>children</key>
			<array>
				<string>1FE4FE54148E4CDD008EDE8B</string>
				<string>14B6EA6D16A18FF80050EFC2</string>
				<string>1476428217565ED20027DDB1</string>
			</array>
			<key>isa</key>
			<string>PBXGroup</string>
			<key>name</key>
			<string>Products</string>
			<key>sourceTree</key>
			<string>&lt;group&gt;</string>
		</dict>
		<key>1FE4FE57148E4CDD008EDE8B</key>
		<dict>
			<key>children</key>
			<array>
				<string>14B6EA9A16A205D70050EFC2</string>
				<string>1FE4FE58148E4CDD008EDE8B</string>
				<string>14B6EA6E16A18FF80050EFC2</string>
				<string>1471F36E16A9687000203242</string>
				<string>1FE4FE5A148E4CDD008EDE8B</string>
				<string>B0DACD7C6A134C5A8FE3529A</string>
				<string>16E84072F6544D5AA02965D3</string>
				<string>8580DCFE96BC482C8AF34FEA</string>
			</array>
			<key>isa</key>
			<string>PBXGroup</string>
			<key>name</key>
			<string>Frameworks</string>
			<key>sourceTree</key>
			<string>&lt;group&gt;</string>
		</dict>
		<key>1FE4FE58148E4CDD008EDE8B</key>
		<dict>
			<key>isa</key>
			<string>PBXFileReference</string>
			<key>lastKnownFileType</key>
			<string>wrapper.framework</string>
			<key>name</key>
			<string>Cocoa.framework</string>
			<key>path</key>
			<string>System/Library/Frameworks/Cocoa.framework</string>
			<key>sourceTree</key>
			<string>SDKROOT</string>
		</dict>
		<key>1FE4FE59148E4CDD008EDE8B</key>
		<dict>
			<key>fileRef</key>
			<string>1FE4FE58148E4CDD008EDE8B</string>
			<key>isa</key>
			<string>PBXBuildFile</string>
		</dict>
		<key>1FE4FE5A148E4CDD008EDE8B</key>
		<dict>
			<key>children</key>
			<array>
				<string>1FE4FE5B148E4CDD008EDE8B</string>
				<string>1FE4FE5C148E4CDD008EDE8B</string>
				<string>1FE4FE5D148E4CDD008EDE8B</string>
			</array>
			<key>isa</key>
			<string>PBXGroup</string>
			<key>name</key>
			<string>Other Frameworks</string>
			<key>sourceTree</key>
			<string>&lt;group&gt;</string>
		</dict>
		<key>1FE4FE5B148E4CDD008EDE8B</key>
		<dict>
			<key>isa</key>
			<string>PBXFileReference</string>
			<key>lastKnownFileType</key>
			<string>wrapper.framework</string>
			<key>name</key>
			<string>AppKit.framework</string>
			<key>path</key>
			<string>System/Library/Frameworks/AppKit.framework</string>
			<key>sourceTree</key>
			<string>SDKROOT</string>
		</dict>
		<key>1FE4FE5C148E4CDD008EDE8B</key>
		<dict>
			<key>isa</key>
			<string>PBXFileReference</string>
			<key>lastKnownFileType</key>
			<string>wrapper.framework</string>
			<key>name</key>
			<string>CoreData.framework</string>
			<key>path</key>
			<string>System/Library/Frameworks/CoreData.framework</string>
			<key>sourceTree</key>
			<string>SDKROOT</string>
		</dict>
		<key>1FE4FE5D148E4CDD008EDE8B</key>
		<dict>
			<key>isa</key>
			<string>PBXFileReference</string>
			<key>lastKnownFileType</key>
			<string>wrapper.framework</string>
			<key>name</key>
			<string>Foundation.framework</string>
			<key>path</key>
			<string>System/Library/Frameworks/Foundation.framework</string>
			<key>sourceTree</key>
			<string>SDKROOT</string>
		</dict>
		<key>1FE4FE5E148E4CDD008EDE8B</key>
		<dict>
			<key>children</key>
			<array>
				<string>1471F36116A9656800203242</string>
				<string>1FE4FE6A148E4CDD008EDE8B</string>
				<string>1FE4FE6B148E4CDD008EDE8B</string>
				<string>1462F53216A30E7700EE9734</string>
				<string>1462F53316A30E7700EE9734</string>
				<string>1FE4FE6D148E4CDD008EDE8B</string>
				<string>1FE4FE5F148E4CDD008EDE8B</string>
				<string>1462F52E16A300BE00EE9734</string>
				<string>1462F52F16A300BE00EE9734</string>
				<string>1FE4FE78148E5FEB008EDE8B</string>
				<string>1FE4FE79148E5FEB008EDE8B</string>
				<string>1FE4FEC81490B066008EDE8B</string>
				<string>1FE4FEC91490B066008EDE8B</string>
			</array>
			<key>isa</key>
			<string>PBXGroup</string>
			<key>name</key>
			<string>Brewery</string>
			<key>path</key>
			<string>HomebrewGUI</string>
			<key>sourceTree</key>
			<string>&lt;group&gt;</string>
		</dict>
		<key>1FE4FE5F148E4CDD008EDE8B</key>
		<dict>
			<key>children</key>
			<array>
				<string>1FE4FE60148E4CDD008EDE8B</string>
				<string>1FE4FE61148E4CDD008EDE8B</string>
				<string>1FE4FE64148E4CDD008EDE8B</string>
				<string>1FE4FE66148E4CDD008EDE8B</string>
				<string>1FE4FE67148E4CDD008EDE8B</string>
			</array>
			<key>isa</key>
			<string>PBXGroup</string>
			<key>name</key>
			<string>Supporting Files</string>
			<key>sourceTree</key>
			<string>&lt;group&gt;</string>
		</dict>
		<key>1FE4FE60148E4CDD008EDE8B</key>
		<dict>
			<key>isa</key>
			<string>PBXFileReference</string>
			<key>lastKnownFileType</key>
			<string>text.plist.xml</string>
			<key>path</key>
			<string>Brewery-Info.plist</string>
			<key>sourceTree</key>
			<string>&lt;group&gt;</string>
		</dict>
		<key>1FE4FE61148E4CDD008EDE8B</key>
		<dict>
			<key>children</key>
			<array>
				<string>1FE4FE62148E4CDD008EDE8B</string>
			</array>
			<key>isa</key>
			<string>PBXVariantGroup</string>
			<key>name</key>
			<string>InfoPlist.strings</string>
			<key>sourceTree</key>
			<string>&lt;group&gt;</string>
		</dict>
		<key>1FE4FE62148E4CDD008EDE8B</key>
		<dict>
			<key>isa</key>
			<string>PBXFileReference</string>
			<key>lastKnownFileType</key>
			<string>text.plist.strings</string>
			<key>name</key>
			<string>en</string>
			<key>path</key>
			<string>en.lproj/InfoPlist.strings</string>
			<key>sourceTree</key>
			<string>&lt;group&gt;</string>
		</dict>
		<key>1FE4FE63148E4CDD008EDE8B</key>
		<dict>
			<key>fileRef</key>
			<string>1FE4FE61148E4CDD008EDE8B</string>
			<key>isa</key>
			<string>PBXBuildFile</string>
		</dict>
		<key>1FE4FE64148E4CDD008EDE8B</key>
		<dict>
			<key>isa</key>
			<string>PBXFileReference</string>
			<key>lastKnownFileType</key>
			<string>sourcecode.c.objc</string>
			<key>path</key>
			<string>main.m</string>
			<key>sourceTree</key>
			<string>&lt;group&gt;</string>
		</dict>
		<key>1FE4FE65148E4CDD008EDE8B</key>
		<dict>
			<key>fileRef</key>
			<string>1FE4FE64148E4CDD008EDE8B</string>
			<key>isa</key>
			<string>PBXBuildFile</string>
		</dict>
		<key>1FE4FE66148E4CDD008EDE8B</key>
		<dict>
			<key>isa</key>
			<string>PBXFileReference</string>
			<key>lastKnownFileType</key>
			<string>sourcecode.c.h</string>
			<key>path</key>
			<string>Brewery-Prefix.pch</string>
			<key>sourceTree</key>
			<string>&lt;group&gt;</string>
		</dict>
		<key>1FE4FE67148E4CDD008EDE8B</key>
		<dict>
			<key>children</key>
			<array>
				<string>1FE4FE68148E4CDD008EDE8B</string>
			</array>
			<key>isa</key>
			<string>PBXVariantGroup</string>
			<key>name</key>
			<string>Credits.rtf</string>
			<key>sourceTree</key>
			<string>&lt;group&gt;</string>
		</dict>
		<key>1FE4FE68148E4CDD008EDE8B</key>
		<dict>
			<key>isa</key>
			<string>PBXFileReference</string>
			<key>lastKnownFileType</key>
			<string>text.rtf</string>
			<key>name</key>
			<string>en</string>
			<key>path</key>
			<string>en.lproj/Credits.rtf</string>
			<key>sourceTree</key>
			<string>&lt;group&gt;</string>
		</dict>
		<key>1FE4FE69148E4CDD008EDE8B</key>
		<dict>
			<key>fileRef</key>
			<string>1FE4FE67148E4CDD008EDE8B</string>
			<key>isa</key>
			<string>PBXBuildFile</string>
		</dict>
		<key>1FE4FE6A148E4CDD008EDE8B</key>
		<dict>
			<key>isa</key>
			<string>PBXFileReference</string>
			<key>lastKnownFileType</key>
			<string>sourcecode.c.h</string>
			<key>path</key>
			<string>LHBAppDelegate.h</string>
			<key>sourceTree</key>
			<string>&lt;group&gt;</string>
		</dict>
		<key>1FE4FE6B148E4CDD008EDE8B</key>
		<dict>
			<key>isa</key>
			<string>PBXFileReference</string>
			<key>lastKnownFileType</key>
			<string>sourcecode.c.objc</string>
			<key>path</key>
			<string>LHBAppDelegate.m</string>
			<key>sourceTree</key>
			<string>&lt;group&gt;</string>
		</dict>
		<key>1FE4FE6C148E4CDD008EDE8B</key>
		<dict>
			<key>fileRef</key>
			<string>1FE4FE6B148E4CDD008EDE8B</string>
			<key>isa</key>
			<string>PBXBuildFile</string>
		</dict>
		<key>1FE4FE6D148E4CDD008EDE8B</key>
		<dict>
			<key>children</key>
			<array>
				<string>1FE4FE6E148E4CDD008EDE8B</string>
			</array>
			<key>isa</key>
			<string>PBXVariantGroup</string>
			<key>name</key>
			<string>MainMenu.xib</string>
			<key>sourceTree</key>
			<string>&lt;group&gt;</string>
		</dict>
		<key>1FE4FE6E148E4CDD008EDE8B</key>
		<dict>
			<key>isa</key>
			<string>PBXFileReference</string>
			<key>lastKnownFileType</key>
			<string>file.xib</string>
			<key>name</key>
			<string>en</string>
			<key>path</key>
			<string>en.lproj/MainMenu.xib</string>
			<key>sourceTree</key>
			<string>&lt;group&gt;</string>
		</dict>
		<key>1FE4FE6F148E4CDD008EDE8B</key>
		<dict>
			<key>fileRef</key>
			<string>1FE4FE6D148E4CDD008EDE8B</string>
			<key>isa</key>
			<string>PBXBuildFile</string>
		</dict>
		<key>1FE4FE70148E4CDD008EDE8B</key>
		<dict>
			<key>buildSettings</key>
			<dict>
				<key>ALWAYS_SEARCH_USER_PATHS</key>
				<string>NO</string>
				<key>ARCHS</key>
				<string>$(ARCHS_STANDARD_64_BIT)</string>
				<key>CLANG_WARN_CONSTANT_CONVERSION</key>
				<string>YES</string>
				<key>CLANG_WARN_ENUM_CONVERSION</key>
				<string>YES</string>
				<key>CLANG_WARN_INT_CONVERSION</key>
				<string>YES</string>
				<key>CLANG_WARN__DUPLICATE_METHOD_MATCH</key>
				<string>YES</string>
				<key>CODE_SIGN_IDENTITY</key>
				<string></string>
				<key>COPY_PHASE_STRIP</key>
				<string>NO</string>
				<key>GCC_C_LANGUAGE_STANDARD</key>
				<string>gnu99</string>
				<key>GCC_DYNAMIC_NO_PIC</key>
				<string>NO</string>
				<key>GCC_ENABLE_OBJC_EXCEPTIONS</key>
				<string>YES</string>
				<key>GCC_OPTIMIZATION_LEVEL</key>
				<string>0</string>
				<key>GCC_PREPROCESSOR_DEFINITIONS</key>
				<array>
					<string>DEBUG=1</string>
					<string>$(inherited)</string>
				</array>
				<key>GCC_SYMBOLS_PRIVATE_EXTERN</key>
				<string>NO</string>
				<key>GCC_VERSION</key>
				<string>com.apple.compilers.llvm.clang.1_0</string>
				<key>GCC_WARN_64_TO_32_BIT_CONVERSION</key>
				<string>YES</string>
				<key>GCC_WARN_ABOUT_MISSING_PROTOTYPES</key>
				<string>YES</string>
				<key>GCC_WARN_ABOUT_RETURN_TYPE</key>
				<string>YES</string>
				<key>GCC_WARN_UNINITIALIZED_AUTOS</key>
				<string>YES</string>
				<key>GCC_WARN_UNUSED_VARIABLE</key>
				<string>YES</string>
				<key>MACOSX_DEPLOYMENT_TARGET</key>
				<string>10.7</string>
				<key>ONLY_ACTIVE_ARCH</key>
				<string>YES</string>
				<key>SDKROOT</key>
				<string>macosx</string>
			</dict>
			<key>isa</key>
			<string>XCBuildConfiguration</string>
			<key>name</key>
			<string>Debug</string>
		</dict>
		<key>1FE4FE71148E4CDD008EDE8B</key>
		<dict>
			<key>buildSettings</key>
			<dict>
				<key>ALWAYS_SEARCH_USER_PATHS</key>
				<string>NO</string>
				<key>ARCHS</key>
				<string>$(ARCHS_STANDARD_64_BIT)</string>
				<key>CLANG_WARN_CONSTANT_CONVERSION</key>
				<string>YES</string>
				<key>CLANG_WARN_ENUM_CONVERSION</key>
				<string>YES</string>
				<key>CLANG_WARN_INT_CONVERSION</key>
				<string>YES</string>
				<key>CLANG_WARN__DUPLICATE_METHOD_MATCH</key>
				<string>YES</string>
				<key>CODE_SIGN_IDENTITY</key>
				<string></string>
				<key>COPY_PHASE_STRIP</key>
				<string>YES</string>
				<key>DEBUG_INFORMATION_FORMAT</key>
				<string>dwarf-with-dsym</string>
				<key>GCC_C_LANGUAGE_STANDARD</key>
				<string>gnu99</string>
				<key>GCC_ENABLE_OBJC_EXCEPTIONS</key>
				<string>YES</string>
				<key>GCC_VERSION</key>
				<string>com.apple.compilers.llvm.clang.1_0</string>
				<key>GCC_WARN_64_TO_32_BIT_CONVERSION</key>
				<string>YES</string>
				<key>GCC_WARN_ABOUT_MISSING_PROTOTYPES</key>
				<string>YES</string>
				<key>GCC_WARN_ABOUT_RETURN_TYPE</key>
				<string>YES</string>
				<key>GCC_WARN_UNINITIALIZED_AUTOS</key>
				<string>YES</string>
				<key>GCC_WARN_UNUSED_VARIABLE</key>
				<string>YES</string>
				<key>MACOSX_DEPLOYMENT_TARGET</key>
				<string>10.7</string>
				<key>SDKROOT</key>
				<string>macosx</string>
			</dict>
			<key>isa</key>
			<string>XCBuildConfiguration</string>
			<key>name</key>
			<string>Release</string>
		</dict>
		<key>1FE4FE72148E4CDD008EDE8B</key>
		<dict>
			<key>buildConfigurations</key>
			<array>
				<string>1FE4FE73148E4CDD008EDE8B</string>
				<string>1FE4FE74148E4CDD008EDE8B</string>
			</array>
			<key>defaultConfigurationIsVisible</key>
			<string>0</string>
			<key>defaultConfigurationName</key>
			<string>Release</string>
			<key>isa</key>
			<string>XCConfigurationList</string>
		</dict>
		<key>1FE4FE73148E4CDD008EDE8B</key>
		<dict>
			<key>baseConfigurationReference</key>
			<string>0F42630D14BC423CAF90DBF4</string>
			<key>buildSettings</key>
			<dict>
				<key>CLANG_ENABLE_OBJC_ARC</key>
				<string>YES</string>
				<key>CODE_SIGN_ENTITLEMENTS</key>
				<string></string>
				<key>COMBINE_HIDPI_IMAGES</key>
				<string>YES</string>
				<key>FRAMEWORK_SEARCH_PATHS</key>
				<array>
					<string>$(inherited)</string>
					<string>"$(SYSTEM_APPS_DIR)/Xcode.app/Contents/Developer/Library/Frameworks"</string>
				</array>
				<key>GCC_PRECOMPILE_PREFIX_HEADER</key>
				<string>YES</string>
				<key>GCC_PREFIX_HEADER</key>
				<string>HomebrewGUI/Brewery-Prefix.pch</string>
				<key>INFOPLIST_FILE</key>
				<string>HomebrewGUI/Brewery-Info.plist</string>
				<key>PRODUCT_NAME</key>
				<string>Brewery</string>
				<key>WRAPPER_EXTENSION</key>
				<string>app</string>
			</dict>
			<key>isa</key>
			<string>XCBuildConfiguration</string>
			<key>name</key>
			<string>Debug</string>
		</dict>
		<key>1FE4FE74148E4CDD008EDE8B</key>
		<dict>
			<key>baseConfigurationReference</key>
			<string>0F42630D14BC423CAF90DBF4</string>
			<key>buildSettings</key>
			<dict>
				<key>CLANG_ENABLE_OBJC_ARC</key>
				<string>YES</string>
				<key>CODE_SIGN_ENTITLEMENTS</key>
				<string></string>
				<key>COMBINE_HIDPI_IMAGES</key>
				<string>YES</string>
				<key>FRAMEWORK_SEARCH_PATHS</key>
				<array>
					<string>$(inherited)</string>
					<string>"$(SYSTEM_APPS_DIR)/Xcode.app/Contents/Developer/Library/Frameworks"</string>
				</array>
				<key>GCC_PRECOMPILE_PREFIX_HEADER</key>
				<string>YES</string>
				<key>GCC_PREFIX_HEADER</key>
				<string>HomebrewGUI/Brewery-Prefix.pch</string>
				<key>INFOPLIST_FILE</key>
				<string>HomebrewGUI/Brewery-Info.plist</string>
				<key>PRODUCT_NAME</key>
				<string>Brewery</string>
				<key>WRAPPER_EXTENSION</key>
				<string>app</string>
			</dict>
			<key>isa</key>
			<string>XCBuildConfiguration</string>
			<key>name</key>
			<string>Release</string>
		</dict>
		<key>1FE4FE78148E5FEB008EDE8B</key>
		<dict>
			<key>fileEncoding</key>
			<string>4</string>
			<key>isa</key>
			<string>PBXFileReference</string>
			<key>lastKnownFileType</key>
			<string>sourcecode.c.h</string>
			<key>path</key>
			<string>LHBInstalledViewController.h</string>
			<key>sourceTree</key>
			<string>&lt;group&gt;</string>
		</dict>
		<key>1FE4FE79148E5FEB008EDE8B</key>
		<dict>
			<key>fileEncoding</key>
			<string>4</string>
			<key>isa</key>
			<string>PBXFileReference</string>
			<key>lastKnownFileType</key>
			<string>sourcecode.c.objc</string>
			<key>path</key>
			<string>LHBInstalledViewController.m</string>
			<key>sourceTree</key>
			<string>&lt;group&gt;</string>
		</dict>
		<key>1FE4FE7A148E5FEB008EDE8B</key>
		<dict>
			<key>fileRef</key>
			<string>1FE4FE79148E5FEB008EDE8B</string>
			<key>isa</key>
			<string>PBXBuildFile</string>
		</dict>
		<key>1FE4FEC81490B066008EDE8B</key>
		<dict>
			<key>fileEncoding</key>
			<string>4</string>
			<key>isa</key>
			<string>PBXFileReference</string>
			<key>lastKnownFileType</key>
			<string>sourcecode.c.h</string>
			<key>path</key>
			<string>LHBInstallerViewController.h</string>
			<key>sourceTree</key>
			<string>&lt;group&gt;</string>
		</dict>
		<key>1FE4FEC91490B066008EDE8B</key>
		<dict>
			<key>fileEncoding</key>
			<string>4</string>
			<key>isa</key>
			<string>PBXFileReference</string>
			<key>lastKnownFileType</key>
			<string>sourcecode.c.objc</string>
			<key>path</key>
			<string>LHBInstallerViewController.m</string>
			<key>sourceTree</key>
			<string>&lt;group&gt;</string>
		</dict>
		<key>1FE4FECA1490B067008EDE8B</key>
		<dict>
			<key>fileRef</key>
			<string>1FE4FEC91490B066008EDE8B</string>
			<key>isa</key>
			<string>PBXBuildFile</string>
		</dict>
		<key>2E5B573A9AA54166B4226532</key>
		<dict>
			<key>buildActionMask</key>
			<string>2147483647</string>
			<key>files</key>
			<array/>
			<key>inputPaths</key>
			<array/>
			<key>isa</key>
			<string>PBXShellScriptBuildPhase</string>
			<key>name</key>
			<string>Copy Pods Resources</string>
			<key>outputPaths</key>
			<array/>
			<key>runOnlyForDeploymentPostprocessing</key>
			<string>0</string>
			<key>shellPath</key>
			<string>/bin/sh</string>
			<key>shellScript</key>
			<string>"${SRCROOT}/Pods/Pods-BreweryTest-resources.sh"
</string>
		</dict>
		<key>42182286D65047248860D5CC</key>
		<dict>
			<key>buildActionMask</key>
			<string>2147483647</string>
			<key>files</key>
			<array/>
			<key>inputPaths</key>
			<array/>
			<key>isa</key>
			<string>PBXShellScriptBuildPhase</string>
			<key>name</key>
			<string>Copy Pods Resources</string>
			<key>outputPaths</key>
			<array/>
			<key>runOnlyForDeploymentPostprocessing</key>
			<string>0</string>
			<key>shellPath</key>
			<string>/bin/sh</string>
			<key>shellScript</key>
			<string>"${SRCROOT}/Pods/Pods-resources.sh"
</string>
			<key>showEnvVarsInLog</key>
			<string>1</string>
		</dict>
		<key>501341653A1D49D192D3773D</key>
		<dict>
			<key>buildActionMask</key>
			<string>2147483647</string>
			<key>files</key>
			<array/>
			<key>inputPaths</key>
			<array/>
			<key>isa</key>
			<string>PBXShellScriptBuildPhase</string>
			<key>name</key>
			<string>Check Pods Manifest.lock</string>
			<key>outputPaths</key>
			<array/>
			<key>runOnlyForDeploymentPostprocessing</key>
			<string>0</string>
			<key>shellPath</key>
			<string>/bin/sh</string>
			<key>shellScript</key>
			<string>diff "${PODS_ROOT}/../Podfile.lock" "${PODS_ROOT}/Manifest.lock" &gt; /dev/null
if [[ $? != 0 ]] ; then
    cat &lt;&lt; EOM
error: The sandbox is not in sync with the Podfile.lock. Run 'pod install' or update your CocoaPods installation.
EOM
    exit 1
fi
</string>
			<key>showEnvVarsInLog</key>
			<string>1</string>
		</dict>
		<key>5B9B2D379A1E400B85131F25</key>
		<dict>
			<key>fileRef</key>
			<string>8580DCFE96BC482C8AF34FEA</string>
			<key>isa</key>
			<string>PBXBuildFile</string>
			<key>settings</key>
			<dict/>
		</dict>
		<key>8580DCFE96BC482C8AF34FEA</key>
		<dict>
			<key>explicitFileType</key>
			<string>archive.ar</string>
			<key>includeInIndex</key>
			<string>0</string>
			<key>isa</key>
			<string>PBXFileReference</string>
			<key>name</key>
			<string>libPods.a</string>
			<key>path</key>
			<string>libPods.a</string>
			<key>sourceTree</key>
			<string>BUILT_PRODUCTS_DIR</string>
		</dict>
		<key>AD611171C4D246879E09852C</key>
		<dict>
			<key>buildActionMask</key>
			<string>2147483647</string>
			<key>files</key>
			<array/>
			<key>inputPaths</key>
			<array/>
			<key>isa</key>
			<string>PBXShellScriptBuildPhase</string>
			<key>name</key>
			<string>Check Pods Manifest.lock</string>
			<key>outputPaths</key>
			<array/>
			<key>runOnlyForDeploymentPostprocessing</key>
			<string>0</string>
			<key>shellPath</key>
			<string>/bin/sh</string>
			<key>shellScript</key>
			<string>diff "${PODS_ROOT}/../Podfile.lock" "${PODS_ROOT}/Manifest.lock" &gt; /dev/null
if [[ $? != 0 ]] ; then
    cat &lt;&lt; EOM
error: The sandbox is not in sync with the Podfile.lock. Run 'pod install' or update your CocoaPods installation.
EOM
    exit 1
fi
</string>
		</dict>
		<key>B0DACD7C6A134C5A8FE3529A</key>
		<dict>
			<key>explicitFileType</key>
			<string>archive.ar</string>
			<key>includeInIndex</key>
			<string>0</string>
			<key>isa</key>
			<string>PBXFileReference</string>
			<key>path</key>
			<string>libPods-BreweryTest.a</string>
			<key>sourceTree</key>
			<string>BUILT_PRODUCTS_DIR</string>
		</dict>
		<key>DDD3FB18A2E74E4482E91C56</key>
		<dict>
			<key>fileRef</key>
			<string>16E84072F6544D5AA02965D3</string>
			<key>isa</key>
			<string>PBXBuildFile</string>
		</dict>
		<key>E5280F0AA0174ADD84D05A64</key>
		<dict>
			<key>includeInIndex</key>
			<string>1</string>
			<key>isa</key>
			<string>PBXFileReference</string>
			<key>lastKnownFileType</key>
			<string>text.xcconfig</string>
			<key>name</key>
			<string>Pods-BreweryTest.xcconfig</string>
			<key>path</key>
			<string>Pods/Pods-BreweryTest.xcconfig</string>
			<key>sourceTree</key>
			<string>SOURCE_ROOT</string>
		</dict>
	</dict>
	<key>rootObject</key>
	<string>1FE4FE4B148E4CDD008EDE8B</string>
</dict>
</plist>
